schema: '2.0'
stages:
  validate:
    cmd: python -m scripts.validate_data
    deps:
    - path: data/raw/test.csv
      hash: md5
      md5: 818344cb7fbf6f3dc80e4720d9bd84b7
      size: 62849
    - path: data/raw/train.csv
      hash: md5
      md5: e8c4560161dc3c8571b5b2db25be3294
      size: 122403
    - path: scripts/validate_data.py
      hash: md5
      md5: 04c30a84d61dd79812fb4833feb5c81a
      size: 1684
    - path: src/config.py
      hash: md5
      md5: 29034fd235246ae46bc3aa24a5a4edac
      size: 2948
    - path: src/data/load_data.py
      hash: md5
      md5: 4aaa4a793eaf84da53c0bbfba0f4b90f
      size: 2101
    params:
      params.yaml:
        data.target: price_range
    outs:
    - path: reports/data_validation.json
      hash: md5
      md5: e2a84a135696a34843559de234e5ab73
      size: 187
  train:
    cmd: python main.py
    deps:
    - path: data/raw/train.csv
      hash: md5
      md5: e8c4560161dc3c8571b5b2db25be3294
      size: 122403
    - path: main.py
      hash: md5
      md5: bad34f3467af09d3df1fda932736506c
      size: 2439
    - path: src/config.py
      hash: md5
      md5: 29034fd235246ae46bc3aa24a5a4edac
      size: 2948
    - path: src/data
      hash: md5
      md5: 11b50e4e2bda4815e4b1e133e7ae1b73.dir
      size: 5951
      nfiles: 3
    - path: src/features
      hash: md5
      md5: 9632cd7896b13051f305737e1d0b0f39.dir
      size: 892
      nfiles: 2
    - path: src/models
      hash: md5
      md5: c4d385a309acd6c9f081e7dcf991219d.dir
      size: 25768
      nfiles: 6
    params:
      params.yaml:
        data:
          target: price_range
          test_size: 0.2
          random_state: 42
        logistic_regression:
          max_iter: 2000
        mlflow:
          tracking_uri: sqlite:///mlflow.db
          experiment_name: telefonos_price_classification
          registered_model_name: TelefonosPriceClassifier
          alias_produccion: champion
          alias_challenger: challenger
        random_forest:
          n_estimators: 300
          max_depth:
          n_jobs: -1
        selection:
          metric: accuracy
        svm:
          kernel: rbf
          C: 10.0
          gamma: scale
    outs:
    - path: models/modelo_final.pkl
      hash: md5
      md5: a094fe9944737873264a0bd96d886d4b
      size: 3473
    - path: reports/metrics.json
      hash: md5
      md5: 698abeeda9cc1f2c667b305a5ad8b7e3
      size: 537
  predict:
    cmd: python -m scripts.predict
    deps:
    - path: data/raw/test.csv
      hash: md5
      md5: 818344cb7fbf6f3dc80e4720d9bd84b7
      size: 62849
    - path: models/modelo_final.pkl
      hash: md5
      md5: a094fe9944737873264a0bd96d886d4b
      size: 3473
    - path: scripts/predict.py
      hash: md5
      md5: b16274d05fbf8fa31ba8f440c578a596
      size: 957
    - path: src/data/preprocessing.py
      hash: md5
      md5: fcb4d0890a762e3e7e003489ec771da2
      size: 3654
    - path: src/models/pipeline.py
      hash: md5
      md5: babcba0ba3ef6d24ebeb2fce55fd5ead
      size: 6492
    outs:
    - path: data/processed/predicciones.csv
      hash: md5
      md5: d7481fd2626616eb3a22734bc4e290a4
      size: 5908
  tune:
    cmd: python -m scripts.tune_hyperparameters
    deps:
    - path: data/raw/train.csv
      hash: md5
      md5: e8c4560161dc3c8571b5b2db25be3294
      size: 122403
    - path: scripts/tune_hyperparameters.py
      hash: md5
      md5: 257c09d14c7fb5085461354cd632a29f
      size: 3876
    - path: src/config.py
      hash: md5
      md5: 29034fd235246ae46bc3aa24a5a4edac
      size: 2948
    - path: src/data
      hash: md5
      md5: 11b50e4e2bda4815e4b1e133e7ae1b73.dir
      size: 5951
      nfiles: 3
    - path: src/models
      hash: md5
      md5: c4d385a309acd6c9f081e7dcf991219d.dir
      size: 25768
      nfiles: 6
    params:
      params.yaml:
        data:
          target: price_range
          test_size: 0.2
          random_state: 42
        hyperparameter_search:
          logistic_regression:
            C:
            - 0.1
            - 10.0
          random_forest:
            trials:
            - n_estimators: 200
              max_depth:
            - n_estimators: 300
              max_depth: 20
          svm:
            C:
            - 1.0
            - 10.0
        logistic_regression:
          max_iter: 2000
        mlflow:
          tracking_uri: sqlite:///mlflow.db
          experiment_name: telefonos_price_classification
          registered_model_name: TelefonosPriceClassifier
          alias_produccion: champion
          alias_challenger: challenger
        random_forest:
          n_estimators: 300
          max_depth:
          n_jobs: -1
        selection:
          metric: accuracy
        svm:
          kernel: rbf
          C: 10.0
          gamma: scale
    outs:
    - path: reports/hyperparameter_search.json
      hash: md5
      md5: 500b94df84f3ce4cf7662e2dbb95aa04
      size: 263
