schema: '2.0'
stages:
  train:
    cmd: python main.py
    deps:
    - path: data/raw/train.csv
      hash: md5
      md5: e8c4560161dc3c8571b5b2db25be3294
      size: 122403
    - path: main.py
      hash: md5
      md5: 6fe23afddca9b1df22a32e4f205701e1
      size: 2116
    - path: src/config.py
      hash: md5
      md5: 336b6c7c829f3d6097dde1ee1eedc4ea
      size: 920
    - path: src/data/load_data.py
      hash: md5
      md5: 1d83780afb17ac77d899312eba02836f
      size: 881
    - path: src/data/preprocessing.py
      hash: md5
      md5: 7c2607ebcc4e6c03a80efbd838d85324
      size: 1493
    - path: src/models/evaluate.py
      hash: md5
      md5: ea73ad634af4f3b0b29126d1586d10db
      size: 1009
    - path: src/models/pipeline.py
      hash: md5
      md5: 435328afb2714aaa360394323f1e2ce7
      size: 4278
    - path: src/models/train.py
      hash: md5
      md5: 75e942212ebf7053d04c11036438184e
      size: 2890
    params:
      params.yaml:
        modelos.logistica.max_iter: 2000
        modelos.metrica_seleccion: accuracy
        modelos.random_forest.n_estimators: 300
        modelos.svm.C: 10.0
        modelos.svm.gamma: scale
        modelos.svm.kernel: rbf
        split.random_state: 42
        split.target: price_range
        split.test_size: 0.2
    outs:
    - path: metrics/eval.json
      hash: md5
      md5: 0e1cb79a0ada4678b7639a9152549adc
      size: 158
    - path: models/modelo_final.pkl
      hash: md5
      md5: a094fe9944737873264a0bd96d886d4b
      size: 3473
    - path: plots/comparacion_modelos.csv
      hash: md5
      md5: 6498c32d80905f10de56263f0a654498
      size: 226
    - path: plots/importancias.csv
      hash: md5
      md5: 4ed0decbf7318bfe9e944d30ea44e359
      size: 607
    - path: plots/matriz_confusion.csv
      hash: md5
      md5: ea5356179542b909978ced5d48efd354
      size: 2017
  predict:
    cmd: python -m src.models.predict_batch
    deps:
    - path: data/raw/test.csv
      hash: md5
      md5: 818344cb7fbf6f3dc80e4720d9bd84b7
      size: 62849
    - path: models/modelo_final.pkl
      hash: md5
      md5: a094fe9944737873264a0bd96d886d4b
      size: 3473
    - path: src/config.py
      hash: md5
      md5: 336b6c7c829f3d6097dde1ee1eedc4ea
      size: 920
    - path: src/data/load_data.py
      hash: md5
      md5: 1d83780afb17ac77d899312eba02836f
      size: 881
    - path: src/data/preprocessing.py
      hash: md5
      md5: 7c2607ebcc4e6c03a80efbd838d85324
      size: 1493
    - path: src/models/pipeline.py
      hash: md5
      md5: 435328afb2714aaa360394323f1e2ce7
      size: 4278
    - path: src/models/predict_batch.py
      hash: md5
      md5: d0a0cbee857527b40332b239615a4e52
      size: 669
    outs:
    - path: data/processed/predicciones.csv
      hash: md5
      md5: f8f07414ae214c4f63cc87fb8f4a5f9d
      size: 6909
